// !$*UTF8*$!
{
	archiveVersion = 1;
	classes = {
	};
	objectVersion = 46;
	objects = {

/* Begin PBXBuildFile section */
		E205C1071840D5C600B2214E /* Foundation.framework in Frameworks */ = {isa = PBXBuildFile; fileRef = E205C1061840D5C600B2214E /* Foundation.framework */; };
		E205C1091840D5C600B2214E /* CoreGraphics.framework in Frameworks */ = {isa = PBXBuildFile; fileRef = E205C1081840D5C600B2214E /* CoreGraphics.framework */; };
		E205C10B1840D5C600B2214E /* UIKit.framework in Frameworks */ = {isa = PBXBuildFile; fileRef = E205C10A1840D5C600B2214E /* UIKit.framework */; };
		E205C1111840D5C600B2214E /* InfoPlist.strings in Resources */ = {isa = PBXBuildFile; fileRef = E205C10F1840D5C600B2214E /* InfoPlist.strings */; };
		E205C1131840D5C600B2214E /* main.m in Sources */ = {isa = PBXBuildFile; fileRef = E205C1121840D5C600B2214E /* main.m */; };
		E205C1171840D5C600B2214E /* AppDelegate.m in Sources */ = {isa = PBXBuildFile; fileRef = E205C1161840D5C600B2214E /* AppDelegate.m */; };
		E205C11A1840D5C600B2214E /* Main.storyboard in Resources */ = {isa = PBXBuildFile; fileRef = E205C1181840D5C600B2214E /* Main.storyboard */; };
		E205C11D1840D5C600B2214E /* ItemTableViewController.m in Sources */ = {isa = PBXBuildFile; fileRef = E205C11C1840D5C600B2214E /* ItemTableViewController.m */; };
		E205C11F1840D5C600B2214E /* Images.xcassets in Resources */ = {isa = PBXBuildFile; fileRef = E205C11E1840D5C600B2214E /* Images.xcassets */; };
		E205C1261840D5C600B2214E /* XCTest.framework in Frameworks */ = {isa = PBXBuildFile; fileRef = E205C1251840D5C600B2214E /* XCTest.framework */; };
		E205C1271840D5C600B2214E /* Foundation.framework in Frameworks */ = {isa = PBXBuildFile; fileRef = E205C1061840D5C600B2214E /* Foundation.framework */; };
		E205C1281840D5C600B2214E /* UIKit.framework in Frameworks */ = {isa = PBXBuildFile; fileRef = E205C10A1840D5C600B2214E /* UIKit.framework */; };
		E205C1301840D5C600B2214E /* InfoPlist.strings in Resources */ = {isa = PBXBuildFile; fileRef = E205C12E1840D5C600B2214E /* InfoPlist.strings */; };
		E205C1321840D5C600B2214E /* GeodoTests.m in Sources */ = {isa = PBXBuildFile; fileRef = E205C1311840D5C600B2214E /* GeodoTests.m */; };
		E21300761861A1CD00E9B76B /* TableViewCell.m in Sources */ = {isa = PBXBuildFile; fileRef = E21300751861A1CD00E9B76B /* TableViewCell.m */; };
		E21300791861AB7A00E9B76B /* DemoTableViewCell.m in Sources */ = {isa = PBXBuildFile; fileRef = E21300781861AB7A00E9B76B /* DemoTableViewCell.m */; };
		E230C61A1862DD400022AE97 /* DateString.m in Sources */ = {isa = PBXBuildFile; fileRef = E230C6191862DD400022AE97 /* DateString.m */; };
		E230C61E186354300022AE97 /* FontAwesome.ttf in Resources */ = {isa = PBXBuildFile; fileRef = E230C61D186354300022AE97 /* FontAwesome.ttf */; };
		E25E751018520A9800E2BB0B /* MapKit.framework in Frameworks */ = {isa = PBXBuildFile; fileRef = E25E750F18520A9800E2BB0B /* MapKit.framework */; };
		E29A34191852701C00FAC9B0 /* GooglePlacesLoader.m in Sources */ = {isa = PBXBuildFile; fileRef = E29A34181852701C00FAC9B0 /* GooglePlacesLoader.m */; };
		E29A341F1855FAE000FAC9B0 /* PlacemarkAnnotation.m in Sources */ = {isa = PBXBuildFile; fileRef = E29A341E1855FAE000FAC9B0 /* PlacemarkAnnotation.m */; };
		E29D858A18859204006374B9 /* Placemark.m in Sources */ = {isa = PBXBuildFile; fileRef = E29D858918859204006374B9 /* Placemark.m */; };
		E2AEAA5718467A130092DF1B /* TableViewDragToAdd.m in Sources */ = {isa = PBXBuildFile; fileRef = E2AEAA5618467A130092DF1B /* TableViewDragToAdd.m */; };
		E2AEAA5A18469D6C0092DF1B /* TableViewPinchToAdd.m in Sources */ = {isa = PBXBuildFile; fileRef = E2AEAA5918469D6C0092DF1B /* TableViewPinchToAdd.m */; };
		E2AEAAA71849E1760092DF1B /* TableViewDragToReveal.m in Sources */ = {isa = PBXBuildFile; fileRef = E2AEAAA61849E1760092DF1B /* TableViewDragToReveal.m */; };
		E2AEAAAA1849EE050092DF1B /* ListTableViewController.m in Sources */ = {isa = PBXBuildFile; fileRef = E2AEAAA91849EE050092DF1B /* ListTableViewController.m */; };
		E2AEAAAD1849F6C20092DF1B /* ListTableViewCell.m in Sources */ = {isa = PBXBuildFile; fileRef = E2AEAAAC1849F6C20092DF1B /* ListTableViewCell.m */; };
		E2AEAAB8184A5CE70092DF1B /* EditItemViewController.m in Sources */ = {isa = PBXBuildFile; fileRef = E2AEAAB7184A5CE70092DF1B /* EditItemViewController.m */; };
		E2AEAAC7184AC6F20092DF1B /* StaticDataTableViewController.m in Sources */ = {isa = PBXBuildFile; fileRef = E2AEAAC6184AC6F20092DF1B /* StaticDataTableViewController.m */; };
		E2AEAAD4184B85CC0092DF1B /* TableViewPressToMove.m in Sources */ = {isa = PBXBuildFile; fileRef = E2AEAAD3184B85CC0092DF1B /* TableViewPressToMove.m */; };
		E2AEAADA184BE10D0092DF1B /* TextField.m in Sources */ = {isa = PBXBuildFile; fileRef = E2AEAAD9184BE10D0092DF1B /* TextField.m */; };
		E2AF94FA18571D56003508E4 /* Place.m in Sources */ = {isa = PBXBuildFile; fileRef = E2AF94F918571D56003508E4 /* Place.m */; };
		E2B64EE9184D4CDA009DB240 /* NavigationController.m in Sources */ = {isa = PBXBuildFile; fileRef = E2B64EE8184D4CDA009DB240 /* NavigationController.m */; };
		E2B64EEC184D514F009DB240 /* ToDoModel.xcdatamodeld in Sources */ = {isa = PBXBuildFile; fileRef = E2B64EEA184D514F009DB240 /* ToDoModel.xcdatamodeld */; };
		E2B64EF8185205C3009DB240 /* LocationViewController.m in Sources */ = {isa = PBXBuildFile; fileRef = E2B64EF7185205C3009DB240 /* LocationViewController.m */; };
		E2CF842C1840F0C6000A87CC /* ItemTableViewCell.m in Sources */ = {isa = PBXBuildFile; fileRef = E2CF842B1840F0C6000A87CC /* ItemTableViewCell.m */; };
		E2CF842E1840F228000A87CC /* QuartzCore.framework in Frameworks */ = {isa = PBXBuildFile; fileRef = E2CF842D1840F228000A87CC /* QuartzCore.framework */; };
		E2D8338D184DBBA90084FC6C /* ToDoItem.m in Sources */ = {isa = PBXBuildFile; fileRef = E2D8338C184DBBA90084FC6C /* ToDoItem.m */; };
		E2D83390184DBBA90084FC6C /* ToDoList.m in Sources */ = {isa = PBXBuildFile; fileRef = E2D8338F184DBBA90084FC6C /* ToDoList.m */; };
		E2D83392184DBCC80084FC6C /* CoreData.framework in Frameworks */ = {isa = PBXBuildFile; fileRef = E2D83391184DBCC80084FC6C /* CoreData.framework */; };
		E2D83394184DBCD50084FC6C /* CoreLocation.framework in Frameworks */ = {isa = PBXBuildFile; fileRef = E2D83393184DBCD50084FC6C /* CoreLocation.framework */; };
		E2E621521858AD1700741108 /* LocationHandler.m in Sources */ = {isa = PBXBuildFile; fileRef = E2E621511858AD1700741108 /* LocationHandler.m */; };
		E2E62157185A565900741108 /* ListViewController.m in Sources */ = {isa = PBXBuildFile; fileRef = E2E62156185A565900741108 /* ListViewController.m */; };
		E2E6215D185C882E00741108 /* EditListViewController.m in Sources */ = {isa = PBXBuildFile; fileRef = E2E6215C185C882E00741108 /* EditListViewController.m */; };
		E2E6215F185E5B1A00741108 /* PlaceholderCell.m in Sources */ = {isa = PBXBuildFile; fileRef = E2E6215E185E5B1A00741108 /* PlaceholderCell.m */; };
/* End PBXBuildFile section */

/* Begin PBXContainerItemProxy section */
		E205C1291840D5C600B2214E /* PBXContainerItemProxy */ = {
			isa = PBXContainerItemProxy;
			containerPortal = E205C0FB1840D5C600B2214E /* Project object */;
			proxyType = 1;
			remoteGlobalIDString = E205C1021840D5C600B2214E;
			remoteInfo = ClearStyle;
		};
/* End PBXContainerItemProxy section */

/* Begin PBXFileReference section */
		E20264231859DEDF007FCC00 /* ToDoModel 6.xcdatamodel */ = {isa = PBXFileReference; lastKnownFileType = wrapper.xcdatamodel; path = "ToDoModel 6.xcdatamodel"; sourceTree = "<group>"; };
		E205C1031840D5C600B2214E /* Geodo.app */ = {isa = PBXFileReference; explicitFileType = wrapper.application; includeInIndex = 0; path = Geodo.app; sourceTree = BUILT_PRODUCTS_DIR; };
		E205C1061840D5C600B2214E /* Foundation.framework */ = {isa = PBXFileReference; lastKnownFileType = wrapper.framework; name = Foundation.framework; path = System/Library/Frameworks/Foundation.framework; sourceTree = SDKROOT; };
		E205C1081840D5C600B2214E /* CoreGraphics.framework */ = {isa = PBXFileReference; lastKnownFileType = wrapper.framework; name = CoreGraphics.framework; path = System/Library/Frameworks/CoreGraphics.framework; sourceTree = SDKROOT; };
		E205C10A1840D5C600B2214E /* UIKit.framework */ = {isa = PBXFileReference; lastKnownFileType = wrapper.framework; name = UIKit.framework; path = System/Library/Frameworks/UIKit.framework; sourceTree = SDKROOT; };
		E205C10E1840D5C600B2214E /* Geodo-Info.plist */ = {isa = PBXFileReference; lastKnownFileType = text.plist.xml; path = "Geodo-Info.plist"; sourceTree = "<group>"; };
		E205C1101840D5C600B2214E /* en */ = {isa = PBXFileReference; lastKnownFileType = text.plist.strings; name = en; path = en.lproj/InfoPlist.strings; sourceTree = "<group>"; };
		E205C1121840D5C600B2214E /* main.m */ = {isa = PBXFileReference; lastKnownFileType = sourcecode.c.objc; path = main.m; sourceTree = "<group>"; };
		E205C1141840D5C600B2214E /* Geodo-Prefix.pch */ = {isa = PBXFileReference; lastKnownFileType = sourcecode.c.h; path = "Geodo-Prefix.pch"; sourceTree = "<group>"; };
		E205C1151840D5C600B2214E /* AppDelegate.h */ = {isa = PBXFileReference; lastKnownFileType = sourcecode.c.h; path = AppDelegate.h; sourceTree = "<group>"; };
		E205C1161840D5C600B2214E /* AppDelegate.m */ = {isa = PBXFileReference; lastKnownFileType = sourcecode.c.objc; path = AppDelegate.m; sourceTree = "<group>"; };
		E205C1191840D5C600B2214E /* Base */ = {isa = PBXFileReference; lastKnownFileType = file.storyboard; name = Base; path = Base.lproj/Main.storyboard; sourceTree = "<group>"; };
		E205C11B1840D5C600B2214E /* ItemTableViewController.h */ = {isa = PBXFileReference; lastKnownFileType = sourcecode.c.h; path = ItemTableViewController.h; sourceTree = "<group>"; };
		E205C11C1840D5C600B2214E /* ItemTableViewController.m */ = {isa = PBXFileReference; lastKnownFileType = sourcecode.c.objc; path = ItemTableViewController.m; sourceTree = "<group>"; };
		E205C11E1840D5C600B2214E /* Images.xcassets */ = {isa = PBXFileReference; lastKnownFileType = folder.assetcatalog; path = Images.xcassets; sourceTree = "<group>"; };
		E205C1241840D5C600B2214E /* GeodoTests.xctest */ = {isa = PBXFileReference; explicitFileType = wrapper.cfbundle; includeInIndex = 0; path = GeodoTests.xctest; sourceTree = BUILT_PRODUCTS_DIR; };
		E205C1251840D5C600B2214E /* XCTest.framework */ = {isa = PBXFileReference; lastKnownFileType = wrapper.framework; name = XCTest.framework; path = Library/Frameworks/XCTest.framework; sourceTree = DEVELOPER_DIR; };
		E205C12D1840D5C600B2214E /* GeodoTests-Info.plist */ = {isa = PBXFileReference; lastKnownFileType = text.plist.xml; path = "GeodoTests-Info.plist"; sourceTree = "<group>"; };
		E205C12F1840D5C600B2214E /* en */ = {isa = PBXFileReference; lastKnownFileType = text.plist.strings; name = en; path = en.lproj/InfoPlist.strings; sourceTree = "<group>"; };
		E205C1311840D5C600B2214E /* GeodoTests.m */ = {isa = PBXFileReference; lastKnownFileType = sourcecode.c.objc; path = GeodoTests.m; sourceTree = "<group>"; };
		E21300741861A1C100E9B76B /* TableViewCell.h */ = {isa = PBXFileReference; fileEncoding = 4; lastKnownFileType = sourcecode.c.h; path = TableViewCell.h; sourceTree = "<group>"; };
		E21300751861A1CD00E9B76B /* TableViewCell.m */ = {isa = PBXFileReference; fileEncoding = 4; lastKnownFileType = sourcecode.c.objc; path = TableViewCell.m; sourceTree = "<group>"; };
		E21300771861AABD00E9B76B /* DemoTableViewCell.h */ = {isa = PBXFileReference; fileEncoding = 4; lastKnownFileType = sourcecode.c.h; path = DemoTableViewCell.h; sourceTree = "<group>"; };
		E21300781861AB7A00E9B76B /* DemoTableViewCell.m */ = {isa = PBXFileReference; fileEncoding = 4; lastKnownFileType = sourcecode.c.objc; path = DemoTableViewCell.m; sourceTree = "<group>"; };
		E230C6181862DD400022AE97 /* DateString.h */ = {isa = PBXFileReference; fileEncoding = 4; lastKnownFileType = sourcecode.c.h; path = DateString.h; sourceTree = "<group>"; };
		E230C6191862DD400022AE97 /* DateString.m */ = {isa = PBXFileReference; fileEncoding = 4; lastKnownFileType = sourcecode.c.objc; path = DateString.m; sourceTree = "<group>"; };
		E230C61D186354300022AE97 /* FontAwesome.ttf */ = {isa = PBXFileReference; lastKnownFileType = file; path = FontAwesome.ttf; sourceTree = "<group>"; };
		E248140218881A4C00D2E6E9 /* ToDoModel 8.xcdatamodel */ = {isa = PBXFileReference; lastKnownFileType = wrapper.xcdatamodel; path = "ToDoModel 8.xcdatamodel"; sourceTree = "<group>"; };
		E24814031888208900D2E6E9 /* ToDoModel 9.xcdatamodel */ = {isa = PBXFileReference; lastKnownFileType = wrapper.xcdatamodel; path = "ToDoModel 9.xcdatamodel"; sourceTree = "<group>"; };
		E24DCA4E18691F8C00C4E76C /* TableViewDragToRevealDelegate.h */ = {isa = PBXFileReference; lastKnownFileType = sourcecode.c.h; path = TableViewDragToRevealDelegate.h; sourceTree = "<group>"; };
		E25E750F18520A9800E2BB0B /* MapKit.framework */ = {isa = PBXFileReference; lastKnownFileType = wrapper.framework; name = MapKit.framework; path = System/Library/Frameworks/MapKit.framework; sourceTree = SDKROOT; };
		E280209E1852686E00433106 /* ToDoModel 3.xcdatamodel */ = {isa = PBXFileReference; lastKnownFileType = wrapper.xcdatamodel; path = "ToDoModel 3.xcdatamodel"; sourceTree = "<group>"; };
		E29A34171852701C00FAC9B0 /* GooglePlacesLoader.h */ = {isa = PBXFileReference; fileEncoding = 4; lastKnownFileType = sourcecode.c.h; path = GooglePlacesLoader.h; sourceTree = "<group>"; };
		E29A34181852701C00FAC9B0 /* GooglePlacesLoader.m */ = {isa = PBXFileReference; fileEncoding = 4; lastKnownFileType = sourcecode.c.objc; path = GooglePlacesLoader.m; sourceTree = "<group>"; };
		E29A341D1855FAE000FAC9B0 /* PlacemarkAnnotation.h */ = {isa = PBXFileReference; fileEncoding = 4; lastKnownFileType = sourcecode.c.h; path = PlacemarkAnnotation.h; sourceTree = "<group>"; };
		E29A341E1855FAE000FAC9B0 /* PlacemarkAnnotation.m */ = {isa = PBXFileReference; fileEncoding = 4; lastKnownFileType = sourcecode.c.objc; path = PlacemarkAnnotation.m; sourceTree = "<group>"; };
		E29A342018560D5000FAC9B0 /* ToDoModel 4.xcdatamodel */ = {isa = PBXFileReference; lastKnownFileType = wrapper.xcdatamodel; path = "ToDoModel 4.xcdatamodel"; sourceTree = "<group>"; };
		E29D858818859204006374B9 /* Placemark.h */ = {isa = PBXFileReference; fileEncoding = 4; lastKnownFileType = sourcecode.c.h; path = Placemark.h; sourceTree = "<group>"; };
		E29D858918859204006374B9 /* Placemark.m */ = {isa = PBXFileReference; fileEncoding = 4; lastKnownFileType = sourcecode.c.objc; path = Placemark.m; sourceTree = "<group>"; };
		E2AEAA5518467A130092DF1B /* TableViewDragToAdd.h */ = {isa = PBXFileReference; fileEncoding = 4; lastKnownFileType = sourcecode.c.h; path = TableViewDragToAdd.h; sourceTree = "<group>"; };
		E2AEAA5618467A130092DF1B /* TableViewDragToAdd.m */ = {isa = PBXFileReference; fileEncoding = 4; lastKnownFileType = sourcecode.c.objc; path = TableViewDragToAdd.m; sourceTree = "<group>"; };
		E2AEAA5818469D6C0092DF1B /* TableViewPinchToAdd.h */ = {isa = PBXFileReference; fileEncoding = 4; lastKnownFileType = sourcecode.c.h; path = TableViewPinchToAdd.h; sourceTree = "<group>"; };
		E2AEAA5918469D6C0092DF1B /* TableViewPinchToAdd.m */ = {isa = PBXFileReference; fileEncoding = 4; lastKnownFileType = sourcecode.c.objc; path = TableViewPinchToAdd.m; sourceTree = "<group>"; };
		E2AEAAA51849E1760092DF1B /* TableViewDragToReveal.h */ = {isa = PBXFileReference; fileEncoding = 4; lastKnownFileType = sourcecode.c.h; path = TableViewDragToReveal.h; sourceTree = "<group>"; };
		E2AEAAA61849E1760092DF1B /* TableViewDragToReveal.m */ = {isa = PBXFileReference; fileEncoding = 4; lastKnownFileType = sourcecode.c.objc; path = TableViewDragToReveal.m; sourceTree = "<group>"; };
		E2AEAAA81849EE050092DF1B /* ListTableViewController.h */ = {isa = PBXFileReference; fileEncoding = 4; lastKnownFileType = sourcecode.c.h; path = ListTableViewController.h; sourceTree = "<group>"; };
		E2AEAAA91849EE050092DF1B /* ListTableViewController.m */ = {isa = PBXFileReference; fileEncoding = 4; lastKnownFileType = sourcecode.c.objc; path = ListTableViewController.m; sourceTree = "<group>"; };
		E2AEAAAB1849F6C20092DF1B /* ListTableViewCell.h */ = {isa = PBXFileReference; fileEncoding = 4; lastKnownFileType = sourcecode.c.h; path = ListTableViewCell.h; sourceTree = "<group>"; };
		E2AEAAAC1849F6C20092DF1B /* ListTableViewCell.m */ = {isa = PBXFileReference; fileEncoding = 4; lastKnownFileType = sourcecode.c.objc; path = ListTableViewCell.m; sourceTree = "<group>"; };
		E2AEAAB6184A5CE60092DF1B /* EditItemViewController.h */ = {isa = PBXFileReference; fileEncoding = 4; lastKnownFileType = sourcecode.c.h; path = EditItemViewController.h; sourceTree = "<group>"; };
		E2AEAAB7184A5CE70092DF1B /* EditItemViewController.m */ = {isa = PBXFileReference; fileEncoding = 4; lastKnownFileType = sourcecode.c.objc; path = EditItemViewController.m; sourceTree = "<group>"; };
		E2AEAAC5184AC6F20092DF1B /* StaticDataTableViewController.h */ = {isa = PBXFileReference; fileEncoding = 4; lastKnownFileType = sourcecode.c.h; path = StaticDataTableViewController.h; sourceTree = "<group>"; };
		E2AEAAC6184AC6F20092DF1B /* StaticDataTableViewController.m */ = {isa = PBXFileReference; fileEncoding = 4; lastKnownFileType = sourcecode.c.objc; path = StaticDataTableViewController.m; sourceTree = "<group>"; };
		E2AEAAC8184B43410092DF1B /* ListTableViewControllerDelegate.h */ = {isa = PBXFileReference; lastKnownFileType = sourcecode.c.h; path = ListTableViewControllerDelegate.h; sourceTree = "<group>"; };
		E2AEAAD2184B85CC0092DF1B /* TableViewPressToMove.h */ = {isa = PBXFileReference; fileEncoding = 4; lastKnownFileType = sourcecode.c.h; path = TableViewPressToMove.h; sourceTree = "<group>"; };
		E2AEAAD3184B85CC0092DF1B /* TableViewPressToMove.m */ = {isa = PBXFileReference; fileEncoding = 4; lastKnownFileType = sourcecode.c.objc; path = TableViewPressToMove.m; sourceTree = "<group>"; };
		E2AEAAD8184BE10D0092DF1B /* TextField.h */ = {isa = PBXFileReference; fileEncoding = 4; lastKnownFileType = sourcecode.c.h; path = TextField.h; sourceTree = "<group>"; };
		E2AEAAD9184BE10D0092DF1B /* TextField.m */ = {isa = PBXFileReference; fileEncoding = 4; lastKnownFileType = sourcecode.c.objc; path = TextField.m; sourceTree = "<group>"; };
		E2AF94F718571B0F003508E4 /* ToDoModel 5.xcdatamodel */ = {isa = PBXFileReference; lastKnownFileType = wrapper.xcdatamodel; path = "ToDoModel 5.xcdatamodel"; sourceTree = "<group>"; };
		E2AF94F818571D56003508E4 /* Place.h */ = {isa = PBXFileReference; fileEncoding = 4; lastKnownFileType = sourcecode.c.h; path = Place.h; sourceTree = "<group>"; };
		E2AF94F918571D56003508E4 /* Place.m */ = {isa = PBXFileReference; fileEncoding = 4; lastKnownFileType = sourcecode.c.objc; path = Place.m; sourceTree = "<group>"; };
		E2B64EE7184D4CDA009DB240 /* NavigationController.h */ = {isa = PBXFileReference; fileEncoding = 4; lastKnownFileType = sourcecode.c.h; path = NavigationController.h; sourceTree = "<group>"; };
		E2B64EE8184D4CDA009DB240 /* NavigationController.m */ = {isa = PBXFileReference; fileEncoding = 4; lastKnownFileType = sourcecode.c.objc; path = NavigationController.m; sourceTree = "<group>"; };
		E2B64EEB184D514F009DB240 /* ToDoModel 1.xcdatamodel */ = {isa = PBXFileReference; lastKnownFileType = wrapper.xcdatamodel; path = "ToDoModel 1.xcdatamodel"; sourceTree = "<group>"; };
		E2B64EF6185205C3009DB240 /* LocationViewController.h */ = {isa = PBXFileReference; fileEncoding = 4; lastKnownFileType = sourcecode.c.h; path = LocationViewController.h; sourceTree = "<group>"; };
		E2B64EF7185205C3009DB240 /* LocationViewController.m */ = {isa = PBXFileReference; fileEncoding = 4; lastKnownFileType = sourcecode.c.objc; path = LocationViewController.m; sourceTree = "<group>"; };
		E2CE4BE81887CE590045D196 /* ToDoModel 7.xcdatamodel */ = {isa = PBXFileReference; lastKnownFileType = wrapper.xcdatamodel; path = "ToDoModel 7.xcdatamodel"; sourceTree = "<group>"; };
		E2CF842A1840F0C6000A87CC /* ItemTableViewCell.h */ = {isa = PBXFileReference; fileEncoding = 4; lastKnownFileType = sourcecode.c.h; path = ItemTableViewCell.h; sourceTree = "<group>"; };
		E2CF842B1840F0C6000A87CC /* ItemTableViewCell.m */ = {isa = PBXFileReference; fileEncoding = 4; lastKnownFileType = sourcecode.c.objc; path = ItemTableViewCell.m; sourceTree = "<group>"; };
		E2CF842D1840F228000A87CC /* QuartzCore.framework */ = {isa = PBXFileReference; lastKnownFileType = wrapper.framework; name = QuartzCore.framework; path = System/Library/Frameworks/QuartzCore.framework; sourceTree = SDKROOT; };
		E2CF842F1840F784000A87CC /* ItemTableViewCellDelegate.h */ = {isa = PBXFileReference; lastKnownFileType = sourcecode.c.h; path = ItemTableViewCellDelegate.h; sourceTree = "<group>"; };
		E2D8338B184DBBA90084FC6C /* ToDoItem.h */ = {isa = PBXFileReference; fileEncoding = 4; lastKnownFileType = sourcecode.c.h; path = ToDoItem.h; sourceTree = "<group>"; };
		E2D8338C184DBBA90084FC6C /* ToDoItem.m */ = {isa = PBXFileReference; fileEncoding = 4; lastKnownFileType = sourcecode.c.objc; path = ToDoItem.m; sourceTree = "<group>"; };
		E2D8338E184DBBA90084FC6C /* ToDoList.h */ = {isa = PBXFileReference; fileEncoding = 4; lastKnownFileType = sourcecode.c.h; path = ToDoList.h; sourceTree = "<group>"; };
		E2D8338F184DBBA90084FC6C /* ToDoList.m */ = {isa = PBXFileReference; fileEncoding = 4; lastKnownFileType = sourcecode.c.objc; path = ToDoList.m; sourceTree = "<group>"; };
		E2D83391184DBCC80084FC6C /* CoreData.framework */ = {isa = PBXFileReference; lastKnownFileType = wrapper.framework; name = CoreData.framework; path = System/Library/Frameworks/CoreData.framework; sourceTree = SDKROOT; };
		E2D83393184DBCD50084FC6C /* CoreLocation.framework */ = {isa = PBXFileReference; lastKnownFileType = wrapper.framework; name = CoreLocation.framework; path = System/Library/Frameworks/CoreLocation.framework; sourceTree = SDKROOT; };
		E2D83395184E31480084FC6C /* ToDoModel 2.xcdatamodel */ = {isa = PBXFileReference; lastKnownFileType = wrapper.xcdatamodel; path = "ToDoModel 2.xcdatamodel"; sourceTree = "<group>"; };
		E2E621501858AD1700741108 /* LocationHandler.h */ = {isa = PBXFileReference; fileEncoding = 4; lastKnownFileType = sourcecode.c.h; path = LocationHandler.h; sourceTree = "<group>"; };
		E2E621511858AD1700741108 /* LocationHandler.m */ = {isa = PBXFileReference; fileEncoding = 4; lastKnownFileType = sourcecode.c.objc; path = LocationHandler.m; sourceTree = "<group>"; };
		E2E62155185A565900741108 /* ListViewController.h */ = {isa = PBXFileReference; fileEncoding = 4; lastKnownFileType = sourcecode.c.h; path = ListViewController.h; sourceTree = "<group>"; };
		E2E62156185A565900741108 /* ListViewController.m */ = {isa = PBXFileReference; fileEncoding = 4; lastKnownFileType = sourcecode.c.objc; path = ListViewController.m; sourceTree = "<group>"; };
		E2E6215A185C812300741108 /* CompatibilityMacros.h */ = {isa = PBXFileReference; lastKnownFileType = sourcecode.c.h; path = CompatibilityMacros.h; sourceTree = "<group>"; };
		E2E6215B185C882E00741108 /* EditListViewController.h */ = {isa = PBXFileReference; fileEncoding = 4; lastKnownFileType = sourcecode.c.h; path = EditListViewController.h; sourceTree = "<group>"; };
		E2E6215C185C882E00741108 /* EditListViewController.m */ = {isa = PBXFileReference; fileEncoding = 4; lastKnownFileType = sourcecode.c.objc; path = EditListViewController.m; sourceTree = "<group>"; };
		E2E6215E185E5B1A00741108 /* PlaceholderCell.m */ = {isa = PBXFileReference; fileEncoding = 4; lastKnownFileType = sourcecode.c.objc; path = PlaceholderCell.m; sourceTree = "<group>"; };
		E2E62160185E5B2700741108 /* PlaceholderCell.h */ = {isa = PBXFileReference; fileEncoding = 4; lastKnownFileType = sourcecode.c.h; path = PlaceholderCell.h; sourceTree = "<group>"; };
		E2E62161185E5B7700741108 /* PlaceholderCellDelegate.h */ = {isa = PBXFileReference; fileEncoding = 4; lastKnownFileType = sourcecode.c.h; path = PlaceholderCellDelegate.h; sourceTree = "<group>"; };
/* End PBXFileReference section */

/* Begin PBXFrameworksBuildPhase section */
		E205C1001840D5C600B2214E /* Frameworks */ = {
			isa = PBXFrameworksBuildPhase;
			buildActionMask = 2147483647;
			files = (
				E2D83392184DBCC80084FC6C /* CoreData.framework in Frameworks */,
				E205C1091840D5C600B2214E /* CoreGraphics.framework in Frameworks */,
				E2D83394184DBCD50084FC6C /* CoreLocation.framework in Frameworks */,
				E2CF842E1840F228000A87CC /* QuartzCore.framework in Frameworks */,
				E205C1071840D5C600B2214E /* Foundation.framework in Frameworks */,
				E25E751018520A9800E2BB0B /* MapKit.framework in Frameworks */,
				E205C10B1840D5C600B2214E /* UIKit.framework in Frameworks */,
			);
			runOnlyForDeploymentPostprocessing = 0;
		};
		E205C1211840D5C600B2214E /* Frameworks */ = {
			isa = PBXFrameworksBuildPhase;
			buildActionMask = 2147483647;
			files = (
				E205C1261840D5C600B2214E /* XCTest.framework in Frameworks */,
				E205C1281840D5C600B2214E /* UIKit.framework in Frameworks */,
				E205C1271840D5C600B2214E /* Foundation.framework in Frameworks */,
			);
			runOnlyForDeploymentPostprocessing = 0;
		};
/* End PBXFrameworksBuildPhase section */

/* Begin PBXGroup section */
		E205C0FA1840D5C600B2214E = {
			isa = PBXGroup;
			children = (
				E205C10C1840D5C600B2214E /* Geodo */,
				E205C12B1840D5C600B2214E /* GeodoTests */,
				E205C1051840D5C600B2214E /* Frameworks */,
				E205C1041840D5C600B2214E /* Products */,
			);
			sourceTree = "<group>";
		};
		E205C1041840D5C600B2214E /* Products */ = {
			isa = PBXGroup;
			children = (
				E205C1031840D5C600B2214E /* Geodo.app */,
				E205C1241840D5C600B2214E /* GeodoTests.xctest */,
			);
			name = Products;
			sourceTree = "<group>";
		};
		E205C1051840D5C600B2214E /* Frameworks */ = {
			isa = PBXGroup;
			children = (
				E2D83391184DBCC80084FC6C /* CoreData.framework */,
				E205C1081840D5C600B2214E /* CoreGraphics.framework */,
				E2D83393184DBCD50084FC6C /* CoreLocation.framework */,
				E2CF842D1840F228000A87CC /* QuartzCore.framework */,
				E205C1061840D5C600B2214E /* Foundation.framework */,
				E25E750F18520A9800E2BB0B /* MapKit.framework */,
				E205C10A1840D5C600B2214E /* UIKit.framework */,
				E205C1251840D5C600B2214E /* XCTest.framework */,
			);
			name = Frameworks;
			sourceTree = "<group>";
		};
		E205C10C1840D5C600B2214E /* Geodo */ = {
			isa = PBXGroup;
			children = (
				E205C1151840D5C600B2214E /* AppDelegate.h */,
				E205C1161840D5C600B2214E /* AppDelegate.m */,
				E205C1181840D5C600B2214E /* Main.storyboard */,
				E21300741861A1C100E9B76B /* TableViewCell.h */,
				E21300751861A1CD00E9B76B /* TableViewCell.m */,
				E2B64EE7184D4CDA009DB240 /* NavigationController.h */,
				E2B64EE8184D4CDA009DB240 /* NavigationController.m */,
				E2AEAACC184B84BF0092DF1B /* Models */,
				E2AEAACD184B84EF0092DF1B /* Item Table View */,
				E2AEAACE184B850B0092DF1B /* List Table View */,
				E2AEAACF184B85270092DF1B /* Edit Item View */,
				E2E62158185A566000741108 /* List View */,
				E2B64EF9185205CC009DB240 /* Location View */,
				E2B64EE6184D4865009DB240 /* Table View Gestures */,
				E205C10D1840D5C600B2214E /* Supporting Files */,
				E29A341C1855EBF800FAC9B0 /* Resources */,
			);
			path = Geodo;
			sourceTree = "<group>";
		};
		E205C10D1840D5C600B2214E /* Supporting Files */ = {
			isa = PBXGroup;
			children = (
				E205C1121840D5C600B2214E /* main.m */,
				E205C10F1840D5C600B2214E /* InfoPlist.strings */,
				E205C10E1840D5C600B2214E /* Geodo-Info.plist */,
				E205C1141840D5C600B2214E /* Geodo-Prefix.pch */,
				E2E6215A185C812300741108 /* CompatibilityMacros.h */,
			);
			name = "Supporting Files";
			sourceTree = "<group>";
		};
		E205C12B1840D5C600B2214E /* GeodoTests */ = {
			isa = PBXGroup;
			children = (
				E205C1311840D5C600B2214E /* GeodoTests.m */,
				E205C12C1840D5C600B2214E /* Supporting Files */,
			);
			path = GeodoTests;
			sourceTree = "<group>";
		};
		E205C12C1840D5C600B2214E /* Supporting Files */ = {
			isa = PBXGroup;
			children = (
				E205C12E1840D5C600B2214E /* InfoPlist.strings */,
				E205C12D1840D5C600B2214E /* GeodoTests-Info.plist */,
			);
			name = "Supporting Files";
			sourceTree = "<group>";
		};
		E29A341C1855EBF800FAC9B0 /* Resources */ = {
			isa = PBXGroup;
			children = (
				E205C11E1840D5C600B2214E /* Images.xcassets */,
				E230C61D186354300022AE97 /* FontAwesome.ttf */,
			);
			name = Resources;
			sourceTree = "<group>";
		};
		E2AEAACC184B84BF0092DF1B /* Models */ = {
			isa = PBXGroup;
			children = (
				E2B64EEA184D514F009DB240 /* ToDoModel.xcdatamodeld */,
				E2AF94F818571D56003508E4 /* Place.h */,
				E2AF94F918571D56003508E4 /* Place.m */,
				E2D8338B184DBBA90084FC6C /* ToDoItem.h */,
				E2D8338C184DBBA90084FC6C /* ToDoItem.m */,
				E2D8338E184DBBA90084FC6C /* ToDoList.h */,
				E2D8338F184DBBA90084FC6C /* ToDoList.m */,
				E230C6181862DD400022AE97 /* DateString.h */,
				E230C6191862DD400022AE97 /* DateString.m */,
			);
			name = Models;
			sourceTree = "<group>";
		};
		E2AEAACD184B84EF0092DF1B /* Item Table View */ = {
			isa = PBXGroup;
			children = (
				E205C11B1840D5C600B2214E /* ItemTableViewController.h */,
				E205C11C1840D5C600B2214E /* ItemTableViewController.m */,
				E2AEAAD8184BE10D0092DF1B /* TextField.h */,
				E2AEAAD9184BE10D0092DF1B /* TextField.m */,
				E2E62160185E5B2700741108 /* PlaceholderCell.h */,
				E2E6215E185E5B1A00741108 /* PlaceholderCell.m */,
				E2CF842A1840F0C6000A87CC /* ItemTableViewCell.h */,
				E2CF842B1840F0C6000A87CC /* ItemTableViewCell.m */,
				E21300771861AABD00E9B76B /* DemoTableViewCell.h */,
				E21300781861AB7A00E9B76B /* DemoTableViewCell.m */,
				E2CF842F1840F784000A87CC /* ItemTableViewCellDelegate.h */,
				E2E62161185E5B7700741108 /* PlaceholderCellDelegate.h */,
			);
			name = "Item Table View";
			sourceTree = "<group>";
		};
		E2AEAACE184B850B0092DF1B /* List Table View */ = {
			isa = PBXGroup;
			children = (
				E2AEAAA81849EE050092DF1B /* ListTableViewController.h */,
				E2AEAAA91849EE050092DF1B /* ListTableViewController.m */,
				E2AEAAC8184B43410092DF1B /* ListTableViewControllerDelegate.h */,
				E2AEAAAB1849F6C20092DF1B /* ListTableViewCell.h */,
				E2AEAAAC1849F6C20092DF1B /* ListTableViewCell.m */,
			);
			name = "List Table View";
			sourceTree = "<group>";
		};
		E2AEAACF184B85270092DF1B /* Edit Item View */ = {
			isa = PBXGroup;
			children = (
				E2AEAAC5184AC6F20092DF1B /* StaticDataTableViewController.h */,
				E2AEAAC6184AC6F20092DF1B /* StaticDataTableViewController.m */,
				E2AEAAB6184A5CE60092DF1B /* EditItemViewController.h */,
				E2AEAAB7184A5CE70092DF1B /* EditItemViewController.m */,
			);
			name = "Edit Item View";
			sourceTree = "<group>";
		};
		E2B64EE6184D4865009DB240 /* Table View Gestures */ = {
			isa = PBXGroup;
			children = (
				E2AEAA5518467A130092DF1B /* TableViewDragToAdd.h */,
				E2AEAA5618467A130092DF1B /* TableViewDragToAdd.m */,
				E2AEAA5818469D6C0092DF1B /* TableViewPinchToAdd.h */,
				E2AEAA5918469D6C0092DF1B /* TableViewPinchToAdd.m */,
				E2AEAAD2184B85CC0092DF1B /* TableViewPressToMove.h */,
				E2AEAAD3184B85CC0092DF1B /* TableViewPressToMove.m */,
				E2AEAAA51849E1760092DF1B /* TableViewDragToReveal.h */,
				E2AEAAA61849E1760092DF1B /* TableViewDragToReveal.m */,
				E24DCA4E18691F8C00C4E76C /* TableViewDragToRevealDelegate.h */,
			);
			name = "Table View Gestures";
			sourceTree = "<group>";
		};
		E2B64EF9185205CC009DB240 /* Location View */ = {
			isa = PBXGroup;
			children = (
				E2E621501858AD1700741108 /* LocationHandler.h */,
				E2E621511858AD1700741108 /* LocationHandler.m */,
				E29D858818859204006374B9 /* Placemark.h */,
				E29D858918859204006374B9 /* Placemark.m */,
				E29A341D1855FAE000FAC9B0 /* PlacemarkAnnotation.h */,
				E29A341E1855FAE000FAC9B0 /* PlacemarkAnnotation.m */,
				E29A34171852701C00FAC9B0 /* GooglePlacesLoader.h */,
				E29A34181852701C00FAC9B0 /* GooglePlacesLoader.m */,
				E2B64EF6185205C3009DB240 /* LocationViewController.h */,
				E2B64EF7185205C3009DB240 /* LocationViewController.m */,
			);
			name = "Location View";
			sourceTree = "<group>";
		};
		E2E62158185A566000741108 /* List View */ = {
			isa = PBXGroup;
			children = (
				E2E62155185A565900741108 /* ListViewController.h */,
				E2E62156185A565900741108 /* ListViewController.m */,
				E2E6215B185C882E00741108 /* EditListViewController.h */,
				E2E6215C185C882E00741108 /* EditListViewController.m */,
			);
			name = "List View";
			sourceTree = "<group>";
		};
/* End PBXGroup section */

/* Begin PBXNativeTarget section */
		E205C1021840D5C600B2214E /* Geodo */ = {
			isa = PBXNativeTarget;
			buildConfigurationList = E205C1351840D5C600B2214E /* Build configuration list for PBXNativeTarget "Geodo" */;
			buildPhases = (
				E205C0FF1840D5C600B2214E /* Sources */,
				E205C1001840D5C600B2214E /* Frameworks */,
				E205C1011840D5C600B2214E /* Resources */,
			);
			buildRules = (
			);
			dependencies = (
			);
			name = Geodo;
			productName = ClearStyle;
			productReference = E205C1031840D5C600B2214E /* Geodo.app */;
			productType = "com.apple.product-type.application";
		};
		E205C1231840D5C600B2214E /* GeodoTests */ = {
			isa = PBXNativeTarget;
			buildConfigurationList = E205C1381840D5C600B2214E /* Build configuration list for PBXNativeTarget "GeodoTests" */;
			buildPhases = (
				E205C1201840D5C600B2214E /* Sources */,
				E205C1211840D5C600B2214E /* Frameworks */,
				E205C1221840D5C600B2214E /* Resources */,
			);
			buildRules = (
			);
			dependencies = (
				E205C12A1840D5C600B2214E /* PBXTargetDependency */,
			);
			name = GeodoTests;
			productName = ClearStyleTests;
			productReference = E205C1241840D5C600B2214E /* GeodoTests.xctest */;
			productType = "com.apple.product-type.bundle.unit-test";
		};
/* End PBXNativeTarget section */

/* Begin PBXProject section */
		E205C0FB1840D5C600B2214E /* Project object */ = {
			isa = PBXProject;
			attributes = {
				LastUpgradeCheck = 0500;
				ORGANIZATIONNAME = "Tom Bell";
				TargetAttributes = {
					E205C1021840D5C600B2214E = {
						DevelopmentTeam = 3XHD9SVKHL;
					};
					E205C1231840D5C600B2214E = {
						TestTargetID = E205C1021840D5C600B2214E;
					};
				};
			};
			buildConfigurationList = E205C0FE1840D5C600B2214E /* Build configuration list for PBXProject "Geodo" */;
			compatibilityVersion = "Xcode 3.2";
			developmentRegion = English;
			hasScannedForEncodings = 0;
			knownRegions = (
				en,
				Base,
			);
			mainGroup = E205C0FA1840D5C600B2214E;
			productRefGroup = E205C1041840D5C600B2214E /* Products */;
			projectDirPath = "";
			projectRoot = "";
			targets = (
				E205C1021840D5C600B2214E /* Geodo */,
				E205C1231840D5C600B2214E /* GeodoTests */,
			);
		};
/* End PBXProject section */

/* Begin PBXResourcesBuildPhase section */
		E205C1011840D5C600B2214E /* Resources */ = {
			isa = PBXResourcesBuildPhase;
			buildActionMask = 2147483647;
			files = (
				E205C1111840D5C600B2214E /* InfoPlist.strings in Resources */,
				E205C11F1840D5C600B2214E /* Images.xcassets in Resources */,
				E230C61E186354300022AE97 /* FontAwesome.ttf in Resources */,
				E205C11A1840D5C600B2214E /* Main.storyboard in Resources */,
			);
			runOnlyForDeploymentPostprocessing = 0;
		};
		E205C1221840D5C600B2214E /* Resources */ = {
			isa = PBXResourcesBuildPhase;
			buildActionMask = 2147483647;
			files = (
				E205C1301840D5C600B2214E /* InfoPlist.strings in Resources */,
			);
			runOnlyForDeploymentPostprocessing = 0;
		};
/* End PBXResourcesBuildPhase section */

/* Begin PBXSourcesBuildPhase section */
		E205C0FF1840D5C600B2214E /* Sources */ = {
			isa = PBXSourcesBuildPhase;
			buildActionMask = 2147483647;
			files = (
				E2AEAAA71849E1760092DF1B /* TableViewDragToReveal.m in Sources */,
				E2B64EF8185205C3009DB240 /* LocationViewController.m in Sources */,
				E2D83390184DBBA90084FC6C /* ToDoList.m in Sources */,
				E205C11D1840D5C600B2214E /* ItemTableViewController.m in Sources */,
				E2E6215F185E5B1A00741108 /* PlaceholderCell.m in Sources */,
				E21300791861AB7A00E9B76B /* DemoTableViewCell.m in Sources */,
				E29A34191852701C00FAC9B0 /* GooglePlacesLoader.m in Sources */,
				E2AF94FA18571D56003508E4 /* Place.m in Sources */,
				E205C1171840D5C600B2214E /* AppDelegate.m in Sources */,
				E29D858A18859204006374B9 /* Placemark.m in Sources */,
				E2AEAA5A18469D6C0092DF1B /* TableViewPinchToAdd.m in Sources */,
				E2B64EE9184D4CDA009DB240 /* NavigationController.m in Sources */,
				E2E62157185A565900741108 /* ListViewController.m in Sources */,
				E2E621521858AD1700741108 /* LocationHandler.m in Sources */,
				E2AEAA5718467A130092DF1B /* TableViewDragToAdd.m in Sources */,
				E2CF842C1840F0C6000A87CC /* ItemTableViewCell.m in Sources */,
				E2AEAADA184BE10D0092DF1B /* TextField.m in Sources */,
				E2AEAAD4184B85CC0092DF1B /* TableViewPressToMove.m in Sources */,
				E2E6215D185C882E00741108 /* EditListViewController.m in Sources */,
				E2AEAAC7184AC6F20092DF1B /* StaticDataTableViewController.m in Sources */,
				E2AEAAB8184A5CE70092DF1B /* EditItemViewController.m in Sources */,
				E21300761861A1CD00E9B76B /* TableViewCell.m in Sources */,
				E2D8338D184DBBA90084FC6C /* ToDoItem.m in Sources */,
				E205C1131840D5C600B2214E /* main.m in Sources */,
				E29A341F1855FAE000FAC9B0 /* PlacemarkAnnotation.m in Sources */,
				E230C61A1862DD400022AE97 /* DateString.m in Sources */,
				E2B64EEC184D514F009DB240 /* ToDoModel.xcdatamodeld in Sources */,
				E2AEAAAA1849EE050092DF1B /* ListTableViewController.m in Sources */,
				E2AEAAAD1849F6C20092DF1B /* ListTableViewCell.m in Sources */,
			);
			runOnlyForDeploymentPostprocessing = 0;
		};
		E205C1201840D5C600B2214E /* Sources */ = {
			isa = PBXSourcesBuildPhase;
			buildActionMask = 2147483647;
			files = (
				E205C1321840D5C600B2214E /* GeodoTests.m in Sources */,
			);
			runOnlyForDeploymentPostprocessing = 0;
		};
/* End PBXSourcesBuildPhase section */

/* Begin PBXTargetDependency section */
		E205C12A1840D5C600B2214E /* PBXTargetDependency */ = {
			isa = PBXTargetDependency;
			target = E205C1021840D5C600B2214E /* Geodo */;
			targetProxy = E205C1291840D5C600B2214E /* PBXContainerItemProxy */;
		};
/* End PBXTargetDependency section */

/* Begin PBXVariantGroup section */
		E205C10F1840D5C600B2214E /* InfoPlist.strings */ = {
			isa = PBXVariantGroup;
			children = (
				E205C1101840D5C600B2214E /* en */,
			);
			name = InfoPlist.strings;
			sourceTree = "<group>";
		};
		E205C1181840D5C600B2214E /* Main.storyboard */ = {
			isa = PBXVariantGroup;
			children = (
				E205C1191840D5C600B2214E /* Base */,
			);
			name = Main.storyboard;
			sourceTree = "<group>";
		};
		E205C12E1840D5C600B2214E /* InfoPlist.strings */ = {
			isa = PBXVariantGroup;
			children = (
				E205C12F1840D5C600B2214E /* en */,
			);
			name = InfoPlist.strings;
			sourceTree = "<group>";
		};
/* End PBXVariantGroup section */

/* Begin XCBuildConfiguration section */
		E205C1331840D5C600B2214E /* Debug */ = {
			isa = XCBuildConfiguration;
			buildSettings = {
				ALWAYS_SEARCH_USER_PATHS = NO;
				ARCHS = "$(ARCHS_STANDARD_INCLUDING_64_BIT)";
				CLANG_CXX_LANGUAGE_STANDARD = "gnu++0x";
				CLANG_CXX_LIBRARY = "libc++";
				CLANG_ENABLE_MODULES = YES;
				CLANG_ENABLE_OBJC_ARC = YES;
				CLANG_WARN_BOOL_CONVERSION = YES;
				CLANG_WARN_CONSTANT_CONVERSION = YES;
				CLANG_WARN_DIRECT_OBJC_ISA_USAGE = YES_ERROR;
				CLANG_WARN_EMPTY_BODY = YES;
				CLANG_WARN_ENUM_CONVERSION = YES;
				CLANG_WARN_INT_CONVERSION = YES;
				CLANG_WARN_OBJC_ROOT_CLASS = YES_ERROR;
				CLANG_WARN__DUPLICATE_METHOD_MATCH = YES;
				"CODE_SIGN_IDENTITY[sdk=iphoneos*]" = "iPhone Developer";
				COPY_PHASE_STRIP = NO;
				GCC_C_LANGUAGE_STANDARD = gnu99;
				GCC_DYNAMIC_NO_PIC = NO;
				GCC_OPTIMIZATION_LEVEL = 0;
				GCC_PREPROCESSOR_DEFINITIONS = (
					"DEBUG=1",
					"$(inherited)",
				);
				GCC_SYMBOLS_PRIVATE_EXTERN = NO;
				GCC_WARN_64_TO_32_BIT_CONVERSION = YES;
				GCC_WARN_ABOUT_RETURN_TYPE = YES_ERROR;
				GCC_WARN_UNDECLARED_SELECTOR = YES;
				GCC_WARN_UNINITIALIZED_AUTOS = YES;
				GCC_WARN_UNUSED_FUNCTION = YES;
				GCC_WARN_UNUSED_VARIABLE = YES;
				IPHONEOS_DEPLOYMENT_TARGET = 7.0;
				ONLY_ACTIVE_ARCH = YES;
				SDKROOT = iphoneos;
			};
			name = Debug;
		};
		E205C1341840D5C600B2214E /* Release */ = {
			isa = XCBuildConfiguration;
			buildSettings = {
				ALWAYS_SEARCH_USER_PATHS = NO;
				ARCHS = "$(ARCHS_STANDARD_INCLUDING_64_BIT)";
				CLANG_CXX_LANGUAGE_STANDARD = "gnu++0x";
				CLANG_CXX_LIBRARY = "libc++";
				CLANG_ENABLE_MODULES = YES;
				CLANG_ENABLE_OBJC_ARC = YES;
				CLANG_WARN_BOOL_CONVERSION = YES;
				CLANG_WARN_CONSTANT_CONVERSION = YES;
				CLANG_WARN_DIRECT_OBJC_ISA_USAGE = YES_ERROR;
				CLANG_WARN_EMPTY_BODY = YES;
				CLANG_WARN_ENUM_CONVERSION = YES;
				CLANG_WARN_INT_CONVERSION = YES;
				CLANG_WARN_OBJC_ROOT_CLASS = YES_ERROR;
				CLANG_WARN__DUPLICATE_METHOD_MATCH = YES;
				"CODE_SIGN_IDENTITY[sdk=iphoneos*]" = "iPhone Developer";
				COPY_PHASE_STRIP = YES;
				ENABLE_NS_ASSERTIONS = NO;
				GCC_C_LANGUAGE_STANDARD = gnu99;
				GCC_WARN_64_TO_32_BIT_CONVERSION = YES;
				GCC_WARN_ABOUT_RETURN_TYPE = YES_ERROR;
				GCC_WARN_UNDECLARED_SELECTOR = YES;
				GCC_WARN_UNINITIALIZED_AUTOS = YES;
				GCC_WARN_UNUSED_FUNCTION = YES;
				GCC_WARN_UNUSED_VARIABLE = YES;
				IPHONEOS_DEPLOYMENT_TARGET = 7.0;
				SDKROOT = iphoneos;
				VALIDATE_PRODUCT = YES;
			};
			name = Release;
		};
		E205C1361840D5C600B2214E /* Debug */ = {
			isa = XCBuildConfiguration;
			buildSettings = {
				ASSETCATALOG_COMPILER_APPICON_NAME = AppIcon;
				ASSETCATALOG_COMPILER_LAUNCHIMAGE_NAME = LaunchImage;
				CODE_SIGN_IDENTITY = "iPhone Developer";
				"CODE_SIGN_IDENTITY[sdk=iphoneos*]" = "iPhone Developer";
				GCC_PRECOMPILE_PREFIX_HEADER = YES;
				GCC_PREFIX_HEADER = "Geodo/Geodo-Prefix.pch";
				INFOPLIST_FILE = "Geodo/Geodo-Info.plist";
				IPHONEOS_DEPLOYMENT_TARGET = 6.0;
				PRODUCT_NAME = Geodo;
				PROVISIONING_PROFILE = "";
				TARGETED_DEVICE_FAMILY = 1;
				WRAPPER_EXTENSION = app;
			};
			name = Debug;
		};
		E205C1371840D5C600B2214E /* Release */ = {
			isa = XCBuildConfiguration;
			buildSettings = {
				ASSETCATALOG_COMPILER_APPICON_NAME = AppIcon;
				ASSETCATALOG_COMPILER_LAUNCHIMAGE_NAME = LaunchImage;
				CODE_SIGN_IDENTITY = "iPhone Developer";
				"CODE_SIGN_IDENTITY[sdk=iphoneos*]" = "iPhone Developer";
				GCC_PRECOMPILE_PREFIX_HEADER = YES;
				GCC_PREFIX_HEADER = "Geodo/Geodo-Prefix.pch";
				INFOPLIST_FILE = "Geodo/Geodo-Info.plist";
				IPHONEOS_DEPLOYMENT_TARGET = 6.0;
				PRODUCT_NAME = Geodo;
				PROVISIONING_PROFILE = "";
				TARGETED_DEVICE_FAMILY = 1;
				WRAPPER_EXTENSION = app;
			};
			name = Release;
		};
		E205C1391840D5C600B2214E /* Debug */ = {
			isa = XCBuildConfiguration;
			buildSettings = {
				ARCHS = "$(ARCHS_STANDARD_INCLUDING_64_BIT)";
				BUNDLE_LOADER = "$(BUILT_PRODUCTS_DIR)/Geodo.app/Geodo";
				FRAMEWORK_SEARCH_PATHS = (
					"$(SDKROOT)/Developer/Library/Frameworks",
					"$(inherited)",
					"$(DEVELOPER_FRAMEWORKS_DIR)",
				);
				GCC_PRECOMPILE_PREFIX_HEADER = YES;
				GCC_PREFIX_HEADER = "Geodo/Geodo-Prefix.pch";
				GCC_PREPROCESSOR_DEFINITIONS = (
					"DEBUG=1",
					"$(inherited)",
				);
				INFOPLIST_FILE = "GeodoTests/GeodoTests-Info.plist";
				PRODUCT_NAME = GeodoTests;
				TEST_HOST = "$(BUNDLE_LOADER)";
				WRAPPER_EXTENSION = xctest;
			};
			name = Debug;
		};
		E205C13A1840D5C600B2214E /* Release */ = {
			isa = XCBuildConfiguration;
			buildSettings = {
				ARCHS = "$(ARCHS_STANDARD_INCLUDING_64_BIT)";
				BUNDLE_LOADER = "$(BUILT_PRODUCTS_DIR)/Geodo.app/Geodo";
				FRAMEWORK_SEARCH_PATHS = (
					"$(SDKROOT)/Developer/Library/Frameworks",
					"$(inherited)",
					"$(DEVELOPER_FRAMEWORKS_DIR)",
				);
				GCC_PRECOMPILE_PREFIX_HEADER = YES;
				GCC_PREFIX_HEADER = "Geodo/Geodo-Prefix.pch";
				INFOPLIST_FILE = "GeodoTests/GeodoTests-Info.plist";
				PRODUCT_NAME = GeodoTests;
				TEST_HOST = "$(BUNDLE_LOADER)";
				WRAPPER_EXTENSION = xctest;
			};
			name = Release;
		};
/* End XCBuildConfiguration section */

/* Begin XCConfigurationList section */
		E205C0FE1840D5C600B2214E /* Build configuration list for PBXProject "Geodo" */ = {
			isa = XCConfigurationList;
			buildConfigurations = (
				E205C1331840D5C600B2214E /* Debug */,
				E205C1341840D5C600B2214E /* Release */,
			);
			defaultConfigurationIsVisible = 0;
			defaultConfigurationName = Release;
		};
		E205C1351840D5C600B2214E /* Build configuration list for PBXNativeTarget "Geodo" */ = {
			isa = XCConfigurationList;
			buildConfigurations = (
				E205C1361840D5C600B2214E /* Debug */,
				E205C1371840D5C600B2214E /* Release */,
			);
			defaultConfigurationIsVisible = 0;
			defaultConfigurationName = Release;
		};
		E205C1381840D5C600B2214E /* Build configuration list for PBXNativeTarget "GeodoTests" */ = {
			isa = XCConfigurationList;
			buildConfigurations = (
				E205C1391840D5C600B2214E /* Debug */,
				E205C13A1840D5C600B2214E /* Release */,
			);
			defaultConfigurationIsVisible = 0;
			defaultConfigurationName = Release;
		};
/* End XCConfigurationList section */

/* Begin XCVersionGroup section */
		E2B64EEA184D514F009DB240 /* ToDoModel.xcdatamodeld */ = {
			isa = XCVersionGroup;
			children = (
				E24814031888208900D2E6E9 /* ToDoModel 9.xcdatamodel */,
				E248140218881A4C00D2E6E9 /* ToDoModel 8.xcdatamodel */,
				E2CE4BE81887CE590045D196 /* ToDoModel 7.xcdatamodel */,
				E20264231859DEDF007FCC00 /* ToDoModel 6.xcdatamodel */,
				E2AF94F718571B0F003508E4 /* ToDoModel 5.xcdatamodel */,
				E280209E1852686E00433106 /* ToDoModel 3.xcdatamodel */,
				E29A342018560D5000FAC9B0 /* ToDoModel 4.xcdatamodel */,
				E2D83395184E31480084FC6C /* ToDoModel 2.xcdatamodel */,
				E2B64EEB184D514F009DB240 /* ToDoModel 1.xcdatamodel */,
			);
			currentVersion = E24814031888208900D2E6E9 /* ToDoModel 9.xcdatamodel */;
			path = ToDoModel.xcdatamodeld;
			sourceTree = "<group>";
			versionGroupType = wrapper.xcdatamodel;
		};
/* End XCVersionGroup section */
	};
	rootObject = E205C0FB1840D5C600B2214E /* Project object */;
}
